# This file is automatically @generated by Poetry 1.6.1 and should not be changed by hand.

[[package]]
name = "icalendar"
version = "5.0.13"
description = "iCalendar parser/generator"
optional = false
python-versions = ">=3.7"
files = [
    {file = "icalendar-5.0.13-py3-none-any.whl", hash = "sha256:5ded5415e2e1edef5ab230024a75878a7a81d518a3b1ae4f34bf20b173c84dc2"},
    {file = "icalendar-5.0.13.tar.gz", hash = "sha256:92799fde8cce0b61daa8383593836d1e19136e504fa1671f471f98be9b029706"},
]

[package.dependencies]
python-dateutil = "*"
pytz = "*"

[[package]]
name = "python-dateutil"
version = "2.9.0.post0"
description = "Extensions to the standard Python datetime module"
optional = false
python-versions = "!=3.0.*,!=3.1.*,!=3.2.*,>=2.7"
files = [
    {file = "python-dateutil-2.9.0.post0.tar.gz", hash = "sha256:37dd54208da7e1cd875388217d5e00ebd4179249f90fb72437e91a35459a0ad3"},
    {file = "python_dateutil-2.9.0.post0-py2.py3-none-any.whl", hash = "sha256:a8b2bc7bffae282281c8140a97d3aa9c14da0b136dfe83f850eea9a5f7470427"},
]

[package.dependencies]
six = ">=1.5"

[[package]]
name = "pytz"
version = "2025.2"
description = "World timezone definitions, modern and historical"
optional = false
python-versions = "*"
files = [
    {file = "pytz-2025.2-py2.py3-none-any.whl", hash = "sha256:5ddf76296dd8c44c26eb8f4b6f35488f3ccbf6fbbd7adee0b7262d43f0ec2f00"},
    {file = "pytz-2025.2.tar.gz", hash = "sha256:360b9e3dbb49a209c21ad61809c7fb453643e048b38924c765813546746e81c3"},
]

[[package]]
name = "six"
version = "1.17.0"
description = "Python 2 and 3 compatibility utilities"
optional = false
python-versions = "!=3.0.*,!=3.1.*,!=3.2.*,>=2.7"
files = [
    {file = "six-1.17.0-py2.py3-none-any.whl", hash = "sha256:4721f391ed90541fddacab5acf947aa0d3dc7d27b2e1e8eda2be8970586c3274"},
    {file = "six-1.17.0.tar.gz", hash = "sha256:ff70335d468e7eb6ec65b95b99d3a2836546063f63acc5171de367e834932a81"},
]

[metadata]
lock-version = "2.0"
python-versions = "^3.9"
content-hash = "68580fc1e61a13f27ffb4a4fd49a2e974960b940ecfe64c8881f362d8562e27a"
